
Microsoft Visual Studio Solution File, Format Version 12.00
# Visual Studio 15
VisualStudioVersion = 15.0.28307.572
MinimumVisualStudioVersion = 10.0.40219.1
Project("{FAE04EC0-301F-11D3-BF4B-00C04F79EFBC}") = "Tests_For_Jenkins", "Tests_For_Jenkins\Tests_For_Jenkins.csproj", "{B5A44765-E29C-40D8-9EA9-17EB128D046D}"
EndProject
Global
	GlobalSection(SolutionConfigurationPlatforms) = preSolution
		Debug|Any CPU = Debug|Any CPU
		Release|Any CPU = Release|Any CPU
	EndGlobalSection
	GlobalSection(ProjectConfigurationPlatforms) = postSolution
		{B5A44765-E29C-40D8-9EA9-17EB128D046D}.Debug|Any CPU.ActiveCfg = Debug|Any CPU
		{B5A44765-E29C-40D8-9EA9-17EB128D046D}.Debug|Any CPU.Build.0 = Debug|Any CPU
		{B5A44765-E29C-40D8-9EA9-17EB128D046D}.Release|Any CPU.ActiveCfg = Release|Any CPU
		{B5A44765-E29C-40D8-9EA9-17EB128D046D}.Release|Any CPU.Build.0 = Release|Any CPU
	EndGlobalSection
	GlobalSection(SolutionProperties) = preSolution
		HideSolutionNode = FALSE
	EndGlobalSection
	GlobalSection(ExtensibilityGlobals) = postSolution
		SolutionGuid = {DF94ED64-3A3A-4C62-B171-858911BAB03C}
	EndGlobalSection
EndGlobal
